
Microsoft Visual Studio Solution File, Format Version 12.00
# Visual Studio Version 17
VisualStudioVersion = 17.0.31903.59
MinimumVisualStudioVersion = 10.0.40219.1
Project("{2150E333-8FDC-42A3-9474-1A3956D46DE8}") = "src", "src", "{B8EEB468-686D-4BC7-9C8D-954AE4D27E4D}"
EndProject
Project("{FAE04EC0-301F-11D3-BF4B-00C04F79EFBC}") = "Domain", "src\Domain\Domain.csproj", "{AFD37E8A-1E67-40D6-B36A-5176FC57E5C2}"
EndProject
Global
	GlobalSection(SolutionConfigurationPlatforms) = preSolution
		Debug|Any CPU = Debug|Any CPU
		Release|Any CPU = Release|Any CPU
	EndGlobalSection
	GlobalSection(SolutionProperties) = preSolution
		HideSolutionNode = FALSE
	EndGlobalSection
	GlobalSection(ProjectConfigurationPlatforms) = postSolution
		{AFD37E8A-1E67-40D6-B36A-5176FC57E5C2}.Debug|Any CPU.ActiveCfg = Debug|Any CPU
		{AFD37E8A-1E67-40D6-B36A-5176FC57E5C2}.Debug|Any CPU.Build.0 = Debug|Any CPU
		{AFD37E8A-1E67-40D6-B36A-5176FC57E5C2}.Release|Any CPU.ActiveCfg = Release|Any CPU
		{AFD37E8A-1E67-40D6-B36A-5176FC57E5C2}.Release|Any CPU.Build.0 = Release|Any CPU
	EndGlobalSection
	GlobalSection(NestedProjects) = preSolution
		{AFD37E8A-1E67-40D6-B36A-5176FC57E5C2} = {B8EEB468-686D-4BC7-9C8D-954AE4D27E4D}
	EndGlobalSection
EndGlobal
